
Microsoft Visual Studio Solution File, Format Version 12.00
# Visual Studio 15
VisualStudioVersion = 15.0.27130.2036
MinimumVisualStudioVersion = 10.0.40219.1
Project("{FAE04EC0-301F-11D3-BF4B-00C04F79EFBC}") = "PlusVetvi", "PlusVetvi\PlusVetvi.csproj", "{AD8F1101-8C7E-4CF0-A0AF-3E1638E006B6}"
EndProject
Global
	GlobalSection(SolutionConfigurationPlatforms) = preSolution
		Debug|Any CPU = Debug|Any CPU
		Release|Any CPU = Release|Any CPU
	EndGlobalSection
	GlobalSection(ProjectConfigurationPlatforms) = postSolution
		{AD8F1101-8C7E-4CF0-A0AF-3E1638E006B6}.Debug|Any CPU.ActiveCfg = Debug|Any CPU
		{AD8F1101-8C7E-4CF0-A0AF-3E1638E006B6}.Debug|Any CPU.Build.0 = Debug|Any CPU
		{AD8F1101-8C7E-4CF0-A0AF-3E1638E006B6}.Release|Any CPU.ActiveCfg = Release|Any CPU
		{AD8F1101-8C7E-4CF0-A0AF-3E1638E006B6}.Release|Any CPU.Build.0 = Release|Any CPU
	EndGlobalSection
	GlobalSection(SolutionProperties) = preSolution
		HideSolutionNode = FALSE
	EndGlobalSection
	GlobalSection(ExtensibilityGlobals) = postSolution
		SolutionGuid = {48D82F73-EB75-44F0-AC29-C6A12523CB50}
	EndGlobalSection
EndGlobal
